
Microsoft Visual Studio Solution File, Format Version 12.00
# Visual Studio 15
VisualStudioVersion = 15.0.26424.2
MinimumVisualStudioVersion = 10.0.40219.1
Project("{E24C65DC-7377-472B-9ABA-BC803B73C61A}") = "PacmanJs", ".", "{0A10E2B0-CA71-4701-9C06-48EAD5BA3B50}"
	ProjectSection(WebsiteProperties) = preProject
		TargetFrameworkMoniker = ".NETFramework,Version%3Dv4.6.1"
		Debug.AspNetCompiler.VirtualPath = "/localhost_52969"
		Debug.AspNetCompiler.PhysicalPath = "..\..\..\..\..\..\..\Dev\PacmanJs\"
		Debug.AspNetCompiler.TargetPath = "PrecompiledWeb\localhost_52969\"
		Debug.AspNetCompiler.Updateable = "true"
		Debug.AspNetCompiler.ForceOverwrite = "true"
		Debug.AspNetCompiler.FixedNames = "false"
		Debug.AspNetCompiler.Debug = "True"
		Release.AspNetCompiler.VirtualPath = "/localhost_52969"
		Release.AspNetCompiler.PhysicalPath = "..\..\..\..\..\..\..\Dev\PacmanJs\"
		Release.AspNetCompiler.TargetPath = "PrecompiledWeb\localhost_52969\"
		Release.AspNetCompiler.Updateable = "true"
		Release.AspNetCompiler.ForceOverwrite = "true"
		Release.AspNetCompiler.FixedNames = "false"
		Release.AspNetCompiler.Debug = "False"
		VWDPort = "52969"
	EndProjectSection
EndProject
Global
	GlobalSection(SolutionConfigurationPlatforms) = preSolution
		Debug|Any CPU = Debug|Any CPU
	EndGlobalSection
	GlobalSection(ProjectConfigurationPlatforms) = postSolution
		{0A10E2B0-CA71-4701-9C06-48EAD5BA3B50}.Debug|Any CPU.ActiveCfg = Debug|Any CPU
		{0A10E2B0-CA71-4701-9C06-48EAD5BA3B50}.Debug|Any CPU.Build.0 = Debug|Any CPU
	EndGlobalSection
	GlobalSection(SolutionProperties) = preSolution
		HideSolutionNode = FALSE
	EndGlobalSection
EndGlobal
